
Microsoft Visual Studio Solution File, Format Version 12.00
# Visual Studio Version 16
VisualStudioVersion = 16.0.30523.141
MinimumVisualStudioVersion = 10.0.40219.1
Project("{FAE04EC0-301F-11D3-BF4B-00C04F79EFBC}") = "UI", "UI\UI.csproj", "{5C4A0DB5-764B-4874-A9DB-BC966C0458EB}"
EndProject
Project("{FAE04EC0-301F-11D3-BF4B-00C04F79EFBC}") = "BE", "BE\BE.csproj", "{FA811141-EC18-4B4C-A5A5-270B6391BDF6}"
EndProject
Project("{FAE04EC0-301F-11D3-BF4B-00C04F79EFBC}") = "BLL", "BLL\BLL.csproj", "{D37C3571-0F93-4BBF-951F-ED0DFFDE615F}"
EndProject
Project("{FAE04EC0-301F-11D3-BF4B-00C04F79EFBC}") = "DAL", "DAL\DAL.csproj", "{10404960-D867-44E5-949C-4865F72DB330}"
EndProject
Project("{FAE04EC0-301F-11D3-BF4B-00C04F79EFBC}") = "MPP", "MPP\MPP.csproj", "{F3F38771-ABB1-4B6C-826A-376385B05FBD}"
EndProject
Global
	GlobalSection(SolutionConfigurationPlatforms) = preSolution
		Debug|Any CPU = Debug|Any CPU
		Release|Any CPU = Release|Any CPU
	EndGlobalSection
	GlobalSection(ProjectConfigurationPlatforms) = postSolution
		{5C4A0DB5-764B-4874-A9DB-BC966C0458EB}.Debug|Any CPU.ActiveCfg = Debug|Any CPU
		{5C4A0DB5-764B-4874-A9DB-BC966C0458EB}.Debug|Any CPU.Build.0 = Debug|Any CPU
		{5C4A0DB5-764B-4874-A9DB-BC966C0458EB}.Release|Any CPU.ActiveCfg = Release|Any CPU
		{5C4A0DB5-764B-4874-A9DB-BC966C0458EB}.Release|Any CPU.Build.0 = Release|Any CPU
		{FA811141-EC18-4B4C-A5A5-270B6391BDF6}.Debug|Any CPU.ActiveCfg = Debug|Any CPU
		{FA811141-EC18-4B4C-A5A5-270B6391BDF6}.Debug|Any CPU.Build.0 = Debug|Any CPU
		{FA811141-EC18-4B4C-A5A5-270B6391BDF6}.Release|Any CPU.ActiveCfg = Release|Any CPU
		{FA811141-EC18-4B4C-A5A5-270B6391BDF6}.Release|Any CPU.Build.0 = Release|Any CPU
		{D37C3571-0F93-4BBF-951F-ED0DFFDE615F}.Debug|Any CPU.ActiveCfg = Debug|Any CPU
		{D37C3571-0F93-4BBF-951F-ED0DFFDE615F}.Debug|Any CPU.Build.0 = Debug|Any CPU
		{D37C3571-0F93-4BBF-951F-ED0DFFDE615F}.Release|Any CPU.ActiveCfg = Release|Any CPU
		{D37C3571-0F93-4BBF-951F-ED0DFFDE615F}.Release|Any CPU.Build.0 = Release|Any CPU
		{10404960-D867-44E5-949C-4865F72DB330}.Debug|Any CPU.ActiveCfg = Debug|Any CPU
		{10404960-D867-44E5-949C-4865F72DB330}.Debug|Any CPU.Build.0 = Debug|Any CPU
		{10404960-D867-44E5-949C-4865F72DB330}.Release|Any CPU.ActiveCfg = Release|Any CPU
		{10404960-D867-44E5-949C-4865F72DB330}.Release|Any CPU.Build.0 = Release|Any CPU
		{F3F38771-ABB1-4B6C-826A-376385B05FBD}.Debug|Any CPU.ActiveCfg = Debug|Any CPU
		{F3F38771-ABB1-4B6C-826A-376385B05FBD}.Debug|Any CPU.Build.0 = Debug|Any CPU
		{F3F38771-ABB1-4B6C-826A-376385B05FBD}.Release|Any CPU.ActiveCfg = Release|Any CPU
		{F3F38771-ABB1-4B6C-826A-376385B05FBD}.Release|Any CPU.Build.0 = Release|Any CPU
	EndGlobalSection
	GlobalSection(SolutionProperties) = preSolution
		HideSolutionNode = FALSE
	EndGlobalSection
	GlobalSection(ExtensibilityGlobals) = postSolution
		SolutionGuid = {345C3CBD-395F-4D33-835D-8FC840C10597}
	EndGlobalSection
EndGlobal
